// !$*UTF8*$!
{
	archiveVersion = 1;
	classes = {
	};
	objectVersion = 46;
	objects = {

/* Begin PBXBuildFile section */
		96AEB21C1E273CD500365C79 /* main copy.cpp in Sources */ = {isa = PBXBuildFile; fileRef = 96AEB21B1E273CD500365C79 /* main copy.cpp */; };
		96AEB21F1E273E8400365C79 /* black_800x600.png in Resources */ = {isa = PBXBuildFile; fileRef = 96AEB21D1E273E8400365C79 /* black_800x600.png */; };
		96AEB2201E273E8400365C79 /* white_800x600.png in Resources */ = {isa = PBXBuildFile; fileRef = 96AEB21E1E273E8400365C79 /* white_800x600.png */; };
		96E791EF1E20B060004E660E /* ResourcePath.mm in Sources */ = {isa = PBXBuildFile; fileRef = 96E791EE1E20B060004E660E /* ResourcePath.mm */; };
		96E791F51E20B060004E660E /* cute_image.jpg in Resources */ = {isa = PBXBuildFile; fileRef = 96E791F41E20B060004E660E /* cute_image.jpg */; };
		96E791F71E20B060004E660E /* nice_music.ogg in Resources */ = {isa = PBXBuildFile; fileRef = 96E791F61E20B060004E660E /* nice_music.ogg */; };
		96E791F91E20B060004E660E /* sansation.ttf in Resources */ = {isa = PBXBuildFile; fileRef = 96E791F81E20B060004E660E /* sansation.ttf */; };
		96E791FB1E20B060004E660E /* icon.png in Resources */ = {isa = PBXBuildFile; fileRef = 96E791FA1E20B060004E660E /* icon.png */; };
		96F544761E2ACBEB00D093CE /* main.cpp in Sources */ = {isa = PBXBuildFile; fileRef = 96F544751E2ACBEB00D093CE /* main.cpp */; };
		96F544791E2AD2A900D093CE /* Grid.cpp in Sources */ = {isa = PBXBuildFile; fileRef = 96F544771E2AD2A900D093CE /* Grid.cpp */; };
		96F5447C1E2AD2F700D093CE /* Cell.cpp in Sources */ = {isa = PBXBuildFile; fileRef = 96F5447A1E2AD2F700D093CE /* Cell.cpp */; };
		96F5447F1E2AD53B00D093CE /* Game.cpp in Sources */ = {isa = PBXBuildFile; fileRef = 96F5447D1E2AD53B00D093CE /* Game.cpp */; };
		96F544811E2B529500D093CE /* Arial.ttf in Resources */ = {isa = PBXBuildFile; fileRef = 96F544801E2B529500D093CE /* Arial.ttf */; };
/* End PBXBuildFile section */

/* Begin PBXFileReference section */
		96AEB21B1E273CD500365C79 /* main copy.cpp */ = {isa = PBXFileReference; fileEncoding = 4; lastKnownFileType = sourcecode.cpp.cpp; path = "main copy.cpp"; sourceTree = "<group>"; };
		96AEB21D1E273E8400365C79 /* black_800x600.png */ = {isa = PBXFileReference; lastKnownFileType = image.png; path = black_800x600.png; sourceTree = "<group>"; };
		96AEB21E1E273E8400365C79 /* white_800x600.png */ = {isa = PBXFileReference; lastKnownFileType = image.png; path = white_800x600.png; sourceTree = "<group>"; };
		96E791E91E20B060004E660E /* Conway_GoL.app */ = {isa = PBXFileReference; explicitFileType = wrapper.application; includeInIndex = 0; path = Conway_GoL.app; sourceTree = BUILT_PRODUCTS_DIR; };
		96E791ED1E20B060004E660E /* Conway_GoL-Info.plist */ = {isa = PBXFileReference; lastKnownFileType = text.plist.xml; path = "Conway_GoL-Info.plist"; sourceTree = "<group>"; };
		96E791EE1E20B060004E660E /* ResourcePath.mm */ = {isa = PBXFileReference; lastKnownFileType = sourcecode.cpp.objcpp; path = ResourcePath.mm; sourceTree = "<group>"; };
		96E791F01E20B060004E660E /* ResourcePath.hpp */ = {isa = PBXFileReference; lastKnownFileType = sourcecode.cpp.h; path = ResourcePath.hpp; sourceTree = "<group>"; };
		96E791F11E20B060004E660E /* exmain.cpp */ = {isa = PBXFileReference; lastKnownFileType = sourcecode.cpp.cpp; path = exmain.cpp; sourceTree = "<group>"; };
		96E791F41E20B060004E660E /* cute_image.jpg */ = {isa = PBXFileReference; lastKnownFileType = image.jpeg; path = cute_image.jpg; sourceTree = "<group>"; };
		96E791F61E20B060004E660E /* nice_music.ogg */ = {isa = PBXFileReference; lastKnownFileType = file; path = nice_music.ogg; sourceTree = "<group>"; };
		96E791F81E20B060004E660E /* sansation.ttf */ = {isa = PBXFileReference; lastKnownFileType = file; path = sansation.ttf; sourceTree = "<group>"; };
		96E791FA1E20B060004E660E /* icon.png */ = {isa = PBXFileReference; lastKnownFileType = image.png; path = icon.png; sourceTree = "<group>"; };
		96F544751E2ACBEB00D093CE /* main.cpp */ = {isa = PBXFileReference; fileEncoding = 4; lastKnownFileType = sourcecode.cpp.cpp; path = main.cpp; sourceTree = "<group>"; };
		96F544771E2AD2A900D093CE /* Grid.cpp */ = {isa = PBXFileReference; fileEncoding = 4; lastKnownFileType = sourcecode.cpp.cpp; path = Grid.cpp; sourceTree = "<group>"; };
		96F544781E2AD2A900D093CE /* Grid.hpp */ = {isa = PBXFileReference; fileEncoding = 4; lastKnownFileType = sourcecode.cpp.h; path = Grid.hpp; sourceTree = "<group>"; };
		96F5447A1E2AD2F700D093CE /* Cell.cpp */ = {isa = PBXFileReference; fileEncoding = 4; lastKnownFileType = sourcecode.cpp.cpp; path = Cell.cpp; sourceTree = "<group>"; };
		96F5447B1E2AD2F700D093CE /* Cell.hpp */ = {isa = PBXFileReference; fileEncoding = 4; lastKnownFileType = sourcecode.cpp.h; path = Cell.hpp; sourceTree = "<group>"; };
		96F5447D1E2AD53B00D093CE /* Game.cpp */ = {isa = PBXFileReference; fileEncoding = 4; lastKnownFileType = sourcecode.cpp.cpp; path = Game.cpp; sourceTree = "<group>"; };
		96F5447E1E2AD53B00D093CE /* Game.hpp */ = {isa = PBXFileReference; fileEncoding = 4; lastKnownFileType = sourcecode.cpp.h; path = Game.hpp; sourceTree = "<group>"; };
		96F544801E2B529500D093CE /* Arial.ttf */ = {isa = PBXFileReference; lastKnownFileType = file; path = Arial.ttf; sourceTree = "<group>"; };
/* End PBXFileReference section */

/* Begin PBXFrameworksBuildPhase section */
		96E791E51E20B060004E660E /* Frameworks */ = {
			isa = PBXFrameworksBuildPhase;
			buildActionMask = 2147483647;
			files = (
			);
			runOnlyForDeploymentPostprocessing = 0;
		};
/* End PBXFrameworksBuildPhase section */

/* Begin PBXGroup section */
		96E791DF1E20B05F004E660E = {
			isa = PBXGroup;
			children = (
				96E791EB1E20B060004E660E /* Conway_GoL */,
				96E791EA1E20B060004E660E /* Products */,
			);
			sourceTree = "<group>";
		};
		96E791EA1E20B060004E660E /* Products */ = {
			isa = PBXGroup;
			children = (
				96E791E91E20B060004E660E /* Conway_GoL.app */,
			);
			name = Products;
			sourceTree = "<group>";
		};
		96E791EB1E20B060004E660E /* Conway_GoL */ = {
			isa = PBXGroup;
			children = (
				96F544751E2ACBEB00D093CE /* main.cpp */,
				96F544771E2AD2A900D093CE /* Grid.cpp */,
				96F544781E2AD2A900D093CE /* Grid.hpp */,
				96F5447A1E2AD2F700D093CE /* Cell.cpp */,
				96F5447B1E2AD2F700D093CE /* Cell.hpp */,
				96F5447D1E2AD53B00D093CE /* Game.cpp */,
				96F5447E1E2AD53B00D093CE /* Game.hpp */,
				96E791F01E20B060004E660E /* ResourcePath.hpp */,
				96E791EE1E20B060004E660E /* ResourcePath.mm */,
				96E791F11E20B060004E660E /* exmain.cpp */,
				96AEB21B1E273CD500365C79 /* main copy.cpp */,
				96E791F31E20B060004E660E /* Resources */,
				96E791EC1E20B060004E660E /* Supporting Files */,
			);
			path = Conway_GoL;
			sourceTree = "<group>";
		};
		96E791EC1E20B060004E660E /* Supporting Files */ = {
			isa = PBXGroup;
			children = (
				96E791ED1E20B060004E660E /* Conway_GoL-Info.plist */,
			);
			name = "Supporting Files";
			sourceTree = "<group>";
		};
		96E791F31E20B060004E660E /* Resources */ = {
			isa = PBXGroup;
			children = (
				96AEB21D1E273E8400365C79 /* black_800x600.png */,
				96F544801E2B529500D093CE /* Arial.ttf */,
				96AEB21E1E273E8400365C79 /* white_800x600.png */,
				96E791F41E20B060004E660E /* cute_image.jpg */,
				96E791F61E20B060004E660E /* nice_music.ogg */,
				96E791F81E20B060004E660E /* sansation.ttf */,
				96E791FA1E20B060004E660E /* icon.png */,
			);
			name = Resources;
			sourceTree = "<group>";
		};
/* End PBXGroup section */

/* Begin PBXNativeTarget section */
		96E791E81E20B060004E660E /* Conway_GoL */ = {
			isa = PBXNativeTarget;
			buildConfigurationList = 96E791FE1E20B060004E660E /* Build configuration list for PBXNativeTarget "Conway_GoL" */;
			buildPhases = (
				96E791E41E20B060004E660E /* Sources */,
				96E791E51E20B060004E660E /* Frameworks */,
				96E791E61E20B060004E660E /* Resources */,
				96E791E71E20B060004E660E /* ShellScript */,
			);
			buildRules = (
			);
			dependencies = (
			);
			name = Conway_GoL;
			productName = Conway_GoL;
			productReference = 96E791E91E20B060004E660E /* Conway_GoL.app */;
			productType = "com.apple.product-type.application";
		};
/* End PBXNativeTarget section */

/* Begin PBXProject section */
		96E791E01E20B05F004E660E /* Project object */ = {
			isa = PBXProject;
			attributes = {
				LastUpgradeCheck = 0820;
				ORGANIZATIONNAME = "Joonsoo Han";
				TargetAttributes = {
					96E791E81E20B060004E660E = {
						CreatedOnToolsVersion = 8.2.1;
						DevelopmentTeam = FA4H7YQ736;
						ProvisioningStyle = Automatic;
					};
				};
			};
			buildConfigurationList = 96E791E31E20B05F004E660E /* Build configuration list for PBXProject "Conway_GoL" */;
			compatibilityVersion = "Xcode 3.2";
			developmentRegion = English;
			hasScannedForEncodings = 0;
			knownRegions = (
				en,
			);
			mainGroup = 96E791DF1E20B05F004E660E;
			productRefGroup = 96E791EA1E20B060004E660E /* Products */;
			projectDirPath = "";
			projectRoot = "";
			targets = (
				96E791E81E20B060004E660E /* Conway_GoL */,
			);
		};
/* End PBXProject section */

/* Begin PBXResourcesBuildPhase section */
		96E791E61E20B060004E660E /* Resources */ = {
			isa = PBXResourcesBuildPhase;
			buildActionMask = 2147483647;
			files = (
				96E791FB1E20B060004E660E /* icon.png in Resources */,
				96E791F91E20B060004E660E /* sansation.ttf in Resources */,
				96F544811E2B529500D093CE /* Arial.ttf in Resources */,
				96AEB21F1E273E8400365C79 /* black_800x600.png in Resources */,
				96E791F71E20B060004E660E /* nice_music.ogg in Resources */,
				96AEB2201E273E8400365C79 /* white_800x600.png in Resources */,
				96E791F51E20B060004E660E /* cute_image.jpg in Resources */,
			);
			runOnlyForDeploymentPostprocessing = 0;
		};
/* End PBXResourcesBuildPhase section */

/* Begin PBXShellScriptBuildPhase section */
		96E791E71E20B060004E660E /* ShellScript */ = {
			isa = PBXShellScriptBuildPhase;
			buildActionMask = 2147483647;
			files = (
			);
			inputPaths = (
			);
			outputPaths = (
			);
			runOnlyForDeploymentPostprocessing = 0;
			shellPath = /bin/sh;
			shellScript = "# This shell script simply copies required SFML dylibs/frameworks into the application bundle frameworks folder.\n# If you're using static libraries (which is not recommended) you should remove this script from your project.\n\n# SETTINGS\nCMAKE_INSTALL_FRAMEWORK_PREFIX=\"/Library/Frameworks\"\nCMAKE_INSTALL_LIB_PREFIX=\"/usr/local/lib\"\nFRAMEWORKS_FULL_PATH=\"$BUILT_PRODUCTS_DIR/$FRAMEWORKS_FOLDER_PATH/\"\n\n# Are we building a project that uses frameworks or dylibs?\ncase \"$SFML_BINARY_TYPE\" in\n    DYLIBS)\n        frameworks=\"false\"\n        ;;\n    *)\n        frameworks=\"true\"\n        ;;\nesac\n\n# Echoes to stderr\nerror () # $* message to display\n{\n    echo $* 1>&2\n    exit 2\n}\n\nassert () # $1 is a boolean, $2...N is an error message\n{\n    if [ $# -lt 2 ]\n    then\n        error \"Internal error in assert: not enough args\"\n    fi\n\n    if [ $1 -ne 0 ]\n    then\n        shift\n        error \"$*\"\n    fi\n}\n\nforce_remove () # $@ is some paths\n{\n    test $# -ge 1\n    assert $? \"force_remove() requires at least one parameter\"\n    rm -fr $@\n    assert $? \"couldn't remove $@\"\n}\n\ncopy () # $1 is a source, $2 is a destination\n{\n    test $# -eq 2\n    assert $? \"copy() requires two parameters\"\n    ditto \"$1\" \"$2\"\n    assert $? \"couldn't copy $1 to $2\"\n}\n\nrequire () # $1 is a SFML module like 'system' or 'audio'\n{\n    dest=\"$BUILT_PRODUCTS_DIR/$FRAMEWORKS_FOLDER_PATH/\"\n\n    if [ -z \"$1\" ]\n    then\n        error \"require() requires one parameter!\"\n    else\n        # clean potentially old stuff\n        force_remove \"$dest/libsfml-$1\"*\n        force_remove \"$dest/sfml-$1.framework\"\n\n        # copy SFML libraries\n        if [ \"$frameworks\" = \"true\" ]\n        then\n            source=\"$CMAKE_INSTALL_FRAMEWORK_PREFIX/sfml-$1.framework\"\n            target=\"sfml-$1.framework\"\n        elif [ \"$SFML_LINK_DYLIBS_SUFFIX\" = \"-d\" ]\n        then\n            source=\"$CMAKE_INSTALL_LIB_PREFIX/libsfml-$1-d.dylib\"\n            target=\"`readlink $source`\"\n        else\n            source=\"$CMAKE_INSTALL_LIB_PREFIX/libsfml-$1.dylib\"\n            target=\"`readlink $source`\"\n        fi\n\n        copy \"$source\" \"$dest/$target\"\n\n        # copy extra dependencies\n        if [ \"$1\" = \"audio\" ]\n        then\n            # copy \"FLAC\" \"ogg\" \"vorbis\" \"vorbisenc\" \"vorbisfile\" \"OpenAL\" frameworks too\n            for f in \"FLAC\" \"ogg\" \"vorbis\" \"vorbisenc\" \"vorbisfile\" \"OpenAL\"\n            do\n                copy \"$CMAKE_INSTALL_FRAMEWORK_PREFIX/$f.framework\" \"$dest/$f.framework\"\n            done\n        elif [ \"$1\" = \"graphics\" ]\n        then\n            copy \"$CMAKE_INSTALL_FRAMEWORK_PREFIX/freetype.framework\" \"$dest/freetype.framework\"\n        fi\n    fi\n}\n\nif [ -n \"$SFML_SYSTEM\" ]\nthen\n    require \"system\"\nfi\n\nif [ -n \"$SFML_AUDIO\" ]\nthen\n    require \"audio\"\nfi\n\nif [ -n \"$SFML_NETWORK\" ]\nthen\n    require \"network\"\nfi\n\nif [ -n \"$SFML_WINDOW\" ]\nthen\n    require \"window\"\nfi\n\nif [ -n \"$SFML_GRAPHICS\" ]\nthen\n    require \"graphics\"\nfi\n\n                ";
		};
/* End PBXShellScriptBuildPhase section */

/* Begin PBXSourcesBuildPhase section */
		96E791E41E20B060004E660E /* Sources */ = {
			isa = PBXSourcesBuildPhase;
			buildActionMask = 2147483647;
			files = (
				96E791EF1E20B060004E660E /* ResourcePath.mm in Sources */,
				96F544761E2ACBEB00D093CE /* main.cpp in Sources */,
				96AEB21C1E273CD500365C79 /* main copy.cpp in Sources */,
				96F5447F1E2AD53B00D093CE /* Game.cpp in Sources */,
				96F544791E2AD2A900D093CE /* Grid.cpp in Sources */,
				96F5447C1E2AD2F700D093CE /* Cell.cpp in Sources */,
			);
			runOnlyForDeploymentPostprocessing = 0;
		};
/* End PBXSourcesBuildPhase section */

/* Begin XCBuildConfiguration section */
		96E791FC1E20B060004E660E /* Debug */ = {
			isa = XCBuildConfiguration;
			buildSettings = {
				ARCHS = "$(NATIVE_ARCH_ACTUAL)";
				CLANG_CXX_LANGUAGE_STANDARD = "c++0x";
				CLANG_CXX_LIBRARY = "libc++";
				FRAMEWORK_SEARCH_PATHS = (
					/Library/Frameworks/,
					"$(inherited)",
				);
				GCC_VERSION = com.apple.compilers.llvm.clang.1_0;
				HEADER_SEARCH_PATHS = (
					/usr/local/include/,
					"$(inherited)",
				);
				LIBRARY_SEARCH_PATHS = (
					/usr/local/lib/,
					"$(inherited)",
				);
				MACOSX_DEPLOYMENT_TARGET = 10.7;
				OTHER_LDFLAGS = (
					"$(inherited)",
					"$(SFML_SYSTEM)",
					"$(SFML_WINDOW)",
					"$(SFML_GRAPHICS)",
					"$(SFML_AUDIO)",
					"$(SFML_NETWORK)",
				);
				SFML_AUDIO = "$(SFML_LINK_PREFIX) sfml-audio$(SFML_LINK_SUFFIX)";
				SFML_BINARY_TYPE = FRAMEWORKS;
				SFML_GRAPHICS = "$(SFML_LINK_PREFIX) sfml-graphics$(SFML_LINK_SUFFIX)";
				SFML_LINK_DYLIBS_PREFIX = "-l";
				SFML_LINK_DYLIBS_SUFFIX = "";
				SFML_LINK_FRAMEWORKS_PREFIX = "-framework";
				SFML_LINK_FRAMEWORKS_SUFFIX = "";
				SFML_LINK_PREFIX = "$(SFML_LINK_$(SFML_BINARY_TYPE)_PREFIX)";
				SFML_LINK_SUFFIX = "$(SFML_LINK_$(SFML_BINARY_TYPE)_SUFFIX)";
				SFML_NETWORK = "$(SFML_LINK_PREFIX) sfml-network$(SFML_LINK_SUFFIX)";
				SFML_SYSTEM = "$(SFML_LINK_PREFIX) sfml-system$(SFML_LINK_SUFFIX)";
				SFML_WINDOW = "$(SFML_LINK_PREFIX) sfml-window$(SFML_LINK_SUFFIX)";
				SUPPORTED_PLATFORMS = macosx;
			};
			name = Debug;
		};
		96E791FD1E20B060004E660E /* Release */ = {
			isa = XCBuildConfiguration;
			buildSettings = {
				ARCHS = "$(NATIVE_ARCH_ACTUAL)";
				CLANG_CXX_LANGUAGE_STANDARD = "c++0x";
				CLANG_CXX_LIBRARY = "libc++";
				FRAMEWORK_SEARCH_PATHS = (
					/Library/Frameworks/,
					"$(inherited)",
				);
				GCC_VERSION = com.apple.compilers.llvm.clang.1_0;
				HEADER_SEARCH_PATHS = (
					/usr/local/include/,
					"$(inherited)",
				);
				LIBRARY_SEARCH_PATHS = (
					/usr/local/lib/,
					"$(inherited)",
				);
				MACOSX_DEPLOYMENT_TARGET = 10.7;
				OTHER_LDFLAGS = (
					"$(inherited)",
					"$(SFML_SYSTEM)",
					"$(SFML_WINDOW)",
					"$(SFML_GRAPHICS)",
					"$(SFML_AUDIO)",
					"$(SFML_NETWORK)",
				);
				SFML_AUDIO = "$(SFML_LINK_PREFIX) sfml-audio$(SFML_LINK_SUFFIX)";
				SFML_BINARY_TYPE = FRAMEWORKS;
				SFML_GRAPHICS = "$(SFML_LINK_PREFIX) sfml-graphics$(SFML_LINK_SUFFIX)";
				SFML_LINK_DYLIBS_PREFIX = "-l";
				SFML_LINK_DYLIBS_SUFFIX = "";
				SFML_LINK_FRAMEWORKS_PREFIX = "-framework";
				SFML_LINK_FRAMEWORKS_SUFFIX = "";
				SFML_LINK_PREFIX = "$(SFML_LINK_$(SFML_BINARY_TYPE)_PREFIX)";
				SFML_LINK_SUFFIX = "$(SFML_LINK_$(SFML_BINARY_TYPE)_SUFFIX)";
				SFML_NETWORK = "$(SFML_LINK_PREFIX) sfml-network$(SFML_LINK_SUFFIX)";
				SFML_SYSTEM = "$(SFML_LINK_PREFIX) sfml-system$(SFML_LINK_SUFFIX)";
				SFML_WINDOW = "$(SFML_LINK_PREFIX) sfml-window$(SFML_LINK_SUFFIX)";
				SUPPORTED_PLATFORMS = macosx;
			};
			name = Release;
		};
		96E791FF1E20B060004E660E /* Debug */ = {
			isa = XCBuildConfiguration;
			buildSettings = {
				DEVELOPMENT_TEAM = FA4H7YQ736;
				INFOPLIST_FILE = "Conway_GoL/Conway_GoL-Info.plist";
				LD_RUNPATH_SEARCH_PATHS = "@loader_path/../Frameworks";
				PRODUCT_NAME = "$(TARGET_NAME)";
			};
			name = Debug;
		};
		96E792001E20B060004E660E /* Release */ = {
			isa = XCBuildConfiguration;
			buildSettings = {
				DEVELOPMENT_TEAM = FA4H7YQ736;
				INFOPLIST_FILE = "Conway_GoL/Conway_GoL-Info.plist";
				LD_RUNPATH_SEARCH_PATHS = "@loader_path/../Frameworks";
				PRODUCT_NAME = "$(TARGET_NAME)";
			};
			name = Release;
		};
/* End XCBuildConfiguration section */

/* Begin XCConfigurationList section */
		96E791E31E20B05F004E660E /* Build configuration list for PBXProject "Conway_GoL" */ = {
			isa = XCConfigurationList;
			buildConfigurations = (
				96E791FC1E20B060004E660E /* Debug */,
				96E791FD1E20B060004E660E /* Release */,
			);
			defaultConfigurationIsVisible = 0;
			defaultConfigurationName = Release;
		};
		96E791FE1E20B060004E660E /* Build configuration list for PBXNativeTarget "Conway_GoL" */ = {
			isa = XCConfigurationList;
			buildConfigurations = (
				96E791FF1E20B060004E660E /* Debug */,
				96E792001E20B060004E660E /* Release */,
			);
			defaultConfigurationIsVisible = 0;
			defaultConfigurationName = Release;
		};
/* End XCConfigurationList section */
	};
	rootObject = 96E791E01E20B05F004E660E /* Project object */;
}
